
Microsoft Visual Studio Solution File, Format Version 12.00
# Visual Studio Version 16
VisualStudioVersion = 16.0.30002.166
MinimumVisualStudioVersion = 10.0.40219.1
Project("{FAE04EC0-301F-11D3-BF4B-00C04F79EFBC}") = "CharacterCopierKata", "CharacterCopierKata\CharacterCopierKata.csproj", "{3DC4D3A8-7ED6-4538-A84F-C181D756CAAF}"
EndProject
Project("{FAE04EC0-301F-11D3-BF4B-00C04F79EFBC}") = "CharacterCopierKataTests", "CharacterCopierKataTests\CharacterCopierKataTests.csproj", "{400845D9-46EF-419D-A308-62CBCE59061F}"
EndProject
Global
	GlobalSection(SolutionConfigurationPlatforms) = preSolution
		Debug|Any CPU = Debug|Any CPU
		Release|Any CPU = Release|Any CPU
	EndGlobalSection
	GlobalSection(ProjectConfigurationPlatforms) = postSolution
		{3DC4D3A8-7ED6-4538-A84F-C181D756CAAF}.Debug|Any CPU.ActiveCfg = Debug|Any CPU
		{3DC4D3A8-7ED6-4538-A84F-C181D756CAAF}.Debug|Any CPU.Build.0 = Debug|Any CPU
		{3DC4D3A8-7ED6-4538-A84F-C181D756CAAF}.Release|Any CPU.ActiveCfg = Release|Any CPU
		{3DC4D3A8-7ED6-4538-A84F-C181D756CAAF}.Release|Any CPU.Build.0 = Release|Any CPU
		{400845D9-46EF-419D-A308-62CBCE59061F}.Debug|Any CPU.ActiveCfg = Debug|Any CPU
		{400845D9-46EF-419D-A308-62CBCE59061F}.Debug|Any CPU.Build.0 = Debug|Any CPU
		{400845D9-46EF-419D-A308-62CBCE59061F}.Release|Any CPU.ActiveCfg = Release|Any CPU
		{400845D9-46EF-419D-A308-62CBCE59061F}.Release|Any CPU.Build.0 = Release|Any CPU
	EndGlobalSection
	GlobalSection(SolutionProperties) = preSolution
		HideSolutionNode = FALSE
	EndGlobalSection
	GlobalSection(ExtensibilityGlobals) = postSolution
		SolutionGuid = {F1FC568F-17C2-4029-8ED1-AC52894E722F}
	EndGlobalSection
EndGlobal
